{
  "version": 4,
  "terraform_version": "1.15.3",
  "serial": 42,
  "lineage": "a43a252c-3da3-452d-0e55-54e35c723879",
  "outputs": {
    "vm_public_ips": {
      "value": {
        "Prod": "20.124.197.55",
        "dev": "104.211.22.224",
        "test": "20.127.48.238"
      },
      "type": [
        "object",
        {
          "Prod": "string",
          "dev": "string",
          "test": "string"
        }
      ]
    }
  },
  "resources": [
    {
      "mode": "managed",
      "type": "azurerm_network_interface",
      "name": "nic",
      "provider": "provider[\"registry.terraform.io/hashicorp/azurerm\"]",
      "instances": [
        {
          "index_key": "Prod",
          "schema_version": 0,
          "attributes": {
            "accelerated_networking_enabled": false,
            "applied_dns_servers": [],
            "auxiliary_mode": "",
            "auxiliary_sku": "",
            "dns_servers": null,
            "edge_zone": "",
            "id": "/subscriptions/3093287b-c490-4591-aeb4-fcea4daf5e22/resourceGroups/rg-Prod/providers/Microsoft.Network/networkInterfaces/nic-Prod",
            "internal_dns_name_label": "",
            "internal_domain_name_suffix": "ijmbvrnfnpmezfmx2wy2icndse.bx.internal.cloudapp.net",
            "ip_configuration": [
              {
                "gateway_load_balancer_frontend_ip_configuration_id": "",
                "name": "internal",
                "primary": true,
                "private_ip_address": "10.2.1.4",
                "private_ip_address_allocation": "Dynamic",
                "private_ip_address_version": "IPv4",
                "public_ip_address_id": "/subscriptions/3093287b-c490-4591-aeb4-fcea4daf5e22/resourceGroups/rg-Prod/providers/Microsoft.Network/publicIPAddresses/pip-Prod",
                "subnet_id": "/subscriptions/3093287b-c490-4591-aeb4-fcea4daf5e22/resourceGroups/rg-Prod/providers/Microsoft.Network/virtualNetworks/vnet-Prod/subnets/subnet-Prod"
              }
            ],
            "ip_forwarding_enabled": false,
            "location": "eastus",
            "mac_address": "",
            "name": "nic-Prod",
            "private_ip_address": "10.2.1.4",
            "private_ip_addresses": [
              "10.2.1.4"
            ],
            "resource_group_name": "rg-Prod",
            "tags": null,
            "timeouts": null,
            "virtual_machine_id": ""
          },
          "sensitive_attributes": [],
          "identity_schema_version": 0,
          "identity": {
            "name": "nic-Prod",
            "resource_group_name": "rg-Prod",
            "subscription_id": "3093287b-c490-4591-aeb4-fcea4daf5e22"
          },
          "private": "eyJlMmJmYjczMC1lY2FhLTExZTYtOGY4OC0zNDM2M2JjN2M0YzAiOnsiY3JlYXRlIjoxODAwMDAwMDAwMDAwLCJkZWxldGUiOjE4MDAwMDAwMDAwMDAsInJlYWQiOjMwMDAwMDAwMDAwMCwidXBkYXRlIjoxODAwMDAwMDAwMDAwfX0=",
          "dependencies": [
            "azurerm_public_ip.pip",
            "azurerm_resource_group.rg",
            "azurerm_subnet.subnet",
            "azurerm_virtual_network.vnet"
          ]
        },
        {
          "index_key": "dev",
          "schema_version": 0,
          "attributes": {
            "accelerated_networking_enabled": false,
            "applied_dns_servers": [],
            "auxiliary_mode": "",
            "auxiliary_sku": "",
            "dns_servers": [],
            "edge_zone": "",
            "id": "/subscriptions/3093287b-c490-4591-aeb4-fcea4daf5e22/resourceGroups/rg-dev/providers/Microsoft.Network/networkInterfaces/nic-dev",
            "internal_dns_name_label": "",
            "internal_domain_name_suffix": "ad4jqgfzoisutljbiebyyc5ljb.bx.internal.cloudapp.net",
            "ip_configuration": [
              {
                "gateway_load_balancer_frontend_ip_configuration_id": "",
                "name": "internal",
                "primary": true,
                "private_ip_address": "10.0.1.4",
                "private_ip_address_allocation": "Dynamic",
                "private_ip_address_version": "IPv4",
                "public_ip_address_id": "/subscriptions/3093287b-c490-4591-aeb4-fcea4daf5e22/resourceGroups/rg-dev/providers/Microsoft.Network/publicIPAddresses/pip-dev",
                "subnet_id": "/subscriptions/3093287b-c490-4591-aeb4-fcea4daf5e22/resourceGroups/rg-dev/providers/Microsoft.Network/virtualNetworks/vnet-dev/subnets/subnet-dev"
              }
            ],
            "ip_forwarding_enabled": false,
            "location": "eastus",
            "mac_address": "60-45-BD-D6-83-4A",
            "name": "nic-dev",
            "private_ip_address": "10.0.1.4",
            "private_ip_addresses": [
              "10.0.1.4"
            ],
            "resource_group_name": "rg-dev",
            "tags": {},
            "timeouts": null,
            "virtual_machine_id": "/subscriptions/3093287b-c490-4591-aeb4-fcea4daf5e22/resourceGroups/rg-dev/providers/Microsoft.Compute/virtualMachines/vm-dev"
          },
          "sensitive_attributes": [],
          "identity_schema_version": 0,
          "identity": {
            "name": "nic-dev",
            "resource_group_name": "rg-dev",
            "subscription_id": "3093287b-c490-4591-aeb4-fcea4daf5e22"
          },
          "private": "eyJlMmJmYjczMC1lY2FhLTExZTYtOGY4OC0zNDM2M2JjN2M0YzAiOnsiY3JlYXRlIjoxODAwMDAwMDAwMDAwLCJkZWxldGUiOjE4MDAwMDAwMDAwMDAsInJlYWQiOjMwMDAwMDAwMDAwMCwidXBkYXRlIjoxODAwMDAwMDAwMDAwfX0=",
          "dependencies": [
            "azurerm_public_ip.pip",
            "azurerm_resource_group.rg",
            "azurerm_subnet.subnet",
            "azurerm_virtual_network.vnet"
          ]
        },
        {
          "index_key": "test",
          "schema_version": 0,
          "attributes": {
            "accelerated_networking_enabled": false,
            "applied_dns_servers": [],
            "auxiliary_mode": "",
            "auxiliary_sku": "",
            "dns_servers": [],
            "edge_zone": "",
            "id": "/subscriptions/3093287b-c490-4591-aeb4-fcea4daf5e22/resourceGroups/rg-test/providers/Microsoft.Network/networkInterfaces/nic-test",
            "internal_dns_name_label": "",
            "internal_domain_name_suffix": "jr1ndgpbqghundscw3wgrdhm4c.bx.internal.cloudapp.net",
            "ip_configuration": [
              {
                "gateway_load_balancer_frontend_ip_configuration_id": "",
                "name": "internal",
                "primary": true,
                "private_ip_address": "10.1.1.4",
                "private_ip_address_allocation": "Dynamic",
                "private_ip_address_version": "IPv4",
                "public_ip_address_id": "/subscriptions/3093287b-c490-4591-aeb4-fcea4daf5e22/resourceGroups/rg-test/providers/Microsoft.Network/publicIPAddresses/pip-test",
                "subnet_id": "/subscriptions/3093287b-c490-4591-aeb4-fcea4daf5e22/resourceGroups/rg-test/providers/Microsoft.Network/virtualNetworks/vnet-test/subnets/subnet-test"
              }
            ],
            "ip_forwarding_enabled": false,
            "location": "eastus",
            "mac_address": "00-22-48-22-4D-AD",
            "name": "nic-test",
            "private_ip_address": "10.1.1.4",
            "private_ip_addresses": [
              "10.1.1.4"
            ],
            "resource_group_name": "rg-test",
            "tags": {},
            "timeouts": null,
            "virtual_machine_id": "/subscriptions/3093287b-c490-4591-aeb4-fcea4daf5e22/resourceGroups/rg-test/providers/Microsoft.Compute/virtualMachines/vm-test"
          },
          "sensitive_attributes": [],
          "identity_schema_version": 0,
          "identity": {
            "name": "nic-test",
            "resource_group_name": "rg-test",
            "subscription_id": "3093287b-c490-4591-aeb4-fcea4daf5e22"
          },
          "private": "eyJlMmJmYjczMC1lY2FhLTExZTYtOGY4OC0zNDM2M2JjN2M0YzAiOnsiY3JlYXRlIjoxODAwMDAwMDAwMDAwLCJkZWxldGUiOjE4MDAwMDAwMDAwMDAsInJlYWQiOjMwMDAwMDAwMDAwMCwidXBkYXRlIjoxODAwMDAwMDAwMDAwfX0=",
          "dependencies": [
            "azurerm_public_ip.pip",
            "azurerm_resource_group.rg",
            "azurerm_subnet.subnet",
            "azurerm_virtual_network.vnet"
          ]
        }
      ]
    },
    {
      "mode": "managed",
      "type": "azurerm_public_ip",
      "name": "pip",
      "provider": "provider[\"registry.terraform.io/hashicorp/azurerm\"]",
      "instances": [
        {
          "index_key": "Prod",
          "schema_version": 0,
          "attributes": {
            "allocation_method": "Static",
            "ddos_protection_mode": "VirtualNetworkInherited",
            "ddos_protection_plan_id": null,
            "domain_name_label": "",
            "domain_name_label_scope": "",
            "edge_zone": "",
            "fqdn": "",
            "id": "/subscriptions/3093287b-c490-4591-aeb4-fcea4daf5e22/resourceGroups/rg-Prod/providers/Microsoft.Network/publicIPAddresses/pip-Prod",
            "idle_timeout_in_minutes": 4,
            "ip_address": "20.124.197.55",
            "ip_tags": null,
            "ip_version": "IPv4",
            "location": "eastus",
            "name": "pip-Prod",
            "public_ip_prefix_id": null,
            "resource_group_name": "rg-Prod",
            "reverse_fqdn": "",
            "sku": "Standard",
            "sku_tier": "Regional",
            "tags": null,
            "timeouts": null,
            "zones": null
          },
          "sensitive_attributes": [],
          "identity_schema_version": 0,
          "identity": {
            "name": "pip-Prod",
            "resource_group_name": "rg-Prod",
            "subscription_id": "3093287b-c490-4591-aeb4-fcea4daf5e22"
          },
          "private": "eyJlMmJmYjczMC1lY2FhLTExZTYtOGY4OC0zNDM2M2JjN2M0YzAiOnsiY3JlYXRlIjoxODAwMDAwMDAwMDAwLCJkZWxldGUiOjE4MDAwMDAwMDAwMDAsInJlYWQiOjMwMDAwMDAwMDAwMCwidXBkYXRlIjoxODAwMDAwMDAwMDAwfX0=",
          "dependencies": [
            "azurerm_resource_group.rg"
          ]
        },
        {
          "index_key": "dev",
          "schema_version": 0,
          "attributes": {
            "allocation_method": "Static",
            "ddos_protection_mode": "VirtualNetworkInherited",
            "ddos_protection_plan_id": null,
            "domain_name_label": "",
            "domain_name_label_scope": "",
            "edge_zone": "",
            "fqdn": "",
            "id": "/subscriptions/3093287b-c490-4591-aeb4-fcea4daf5e22/resourceGroups/rg-dev/providers/Microsoft.Network/publicIPAddresses/pip-dev",
            "idle_timeout_in_minutes": 4,
            "ip_address": "104.211.22.224",
            "ip_tags": {},
            "ip_version": "IPv4",
            "location": "eastus",
            "name": "pip-dev",
            "public_ip_prefix_id": null,
            "resource_group_name": "rg-dev",
            "reverse_fqdn": "",
            "sku": "Standard",
            "sku_tier": "Regional",
            "tags": {},
            "timeouts": null,
            "zones": []
          },
          "sensitive_attributes": [],
          "identity_schema_version": 0,
          "identity": {
            "name": "pip-dev",
            "resource_group_name": "rg-dev",
            "subscription_id": "3093287b-c490-4591-aeb4-fcea4daf5e22"
          },
          "private": "eyJlMmJmYjczMC1lY2FhLTExZTYtOGY4OC0zNDM2M2JjN2M0YzAiOnsiY3JlYXRlIjoxODAwMDAwMDAwMDAwLCJkZWxldGUiOjE4MDAwMDAwMDAwMDAsInJlYWQiOjMwMDAwMDAwMDAwMCwidXBkYXRlIjoxODAwMDAwMDAwMDAwfX0=",
          "dependencies": [
            "azurerm_resource_group.rg"
          ]
        },
        {
          "index_key": "test",
          "schema_version": 0,
          "attributes": {
            "allocation_method": "Static",
            "ddos_protection_mode": "VirtualNetworkInherited",
            "ddos_protection_plan_id": null,
            "domain_name_label": "",
            "domain_name_label_scope": "",
            "edge_zone": "",
            "fqdn": "",
            "id": "/subscriptions/3093287b-c490-4591-aeb4-fcea4daf5e22/resourceGroups/rg-test/providers/Microsoft.Network/publicIPAddresses/pip-test",
            "idle_timeout_in_minutes": 4,
            "ip_address": "20.127.48.238",
            "ip_tags": {},
            "ip_version": "IPv4",
            "location": "eastus",
            "name": "pip-test",
            "public_ip_prefix_id": null,
            "resource_group_name": "rg-test",
            "reverse_fqdn": "",
            "sku": "Standard",
            "sku_tier": "Regional",
            "tags": {},
            "timeouts": null,
            "zones": []
          },
          "sensitive_attributes": [],
          "identity_schema_version": 0,
          "identity": {
            "name": "pip-test",
            "resource_group_name": "rg-test",
            "subscription_id": "3093287b-c490-4591-aeb4-fcea4daf5e22"
          },
          "private": "eyJlMmJmYjczMC1lY2FhLTExZTYtOGY4OC0zNDM2M2JjN2M0YzAiOnsiY3JlYXRlIjoxODAwMDAwMDAwMDAwLCJkZWxldGUiOjE4MDAwMDAwMDAwMDAsInJlYWQiOjMwMDAwMDAwMDAwMCwidXBkYXRlIjoxODAwMDAwMDAwMDAwfX0=",
          "dependencies": [
            "azurerm_resource_group.rg"
          ]
        }
      ]
    },
    {
      "mode": "managed",
      "type": "azurerm_resource_group",
      "name": "rg",
      "provider": "provider[\"registry.terraform.io/hashicorp/azurerm\"]",
      "instances": [
        {
          "index_key": "Prod",
          "schema_version": 0,
          "attributes": {
            "id": "/subscriptions/3093287b-c490-4591-aeb4-fcea4daf5e22/resourceGroups/rg-Prod",
            "location": "eastus",
            "managed_by": "",
            "name": "rg-Prod",
            "tags": null,
            "timeouts": null
          },
          "sensitive_attributes": [],
          "identity_schema_version": 0,
          "identity": {
            "name": "rg-Prod",
            "subscription_id": "3093287b-c490-4591-aeb4-fcea4daf5e22"
          },
          "private": "eyJlMmJmYjczMC1lY2FhLTExZTYtOGY4OC0zNDM2M2JjN2M0YzAiOnsiY3JlYXRlIjo1NDAwMDAwMDAwMDAwLCJkZWxldGUiOjU0MDAwMDAwMDAwMDAsInJlYWQiOjMwMDAwMDAwMDAwMCwidXBkYXRlIjo1NDAwMDAwMDAwMDAwfX0="
        },
        {
          "index_key": "dev",
          "schema_version": 0,
          "attributes": {
            "id": "/subscriptions/3093287b-c490-4591-aeb4-fcea4daf5e22/resourceGroups/rg-dev",
            "location": "eastus",
            "managed_by": "",
            "name": "rg-dev",
            "tags": {},
            "timeouts": null
          },
          "sensitive_attributes": [],
          "identity_schema_version": 0,
          "identity": {
            "name": "rg-dev",
            "subscription_id": "3093287b-c490-4591-aeb4-fcea4daf5e22"
          },
          "private": "eyJlMmJmYjczMC1lY2FhLTExZTYtOGY4OC0zNDM2M2JjN2M0YzAiOnsiY3JlYXRlIjo1NDAwMDAwMDAwMDAwLCJkZWxldGUiOjU0MDAwMDAwMDAwMDAsInJlYWQiOjMwMDAwMDAwMDAwMCwidXBkYXRlIjo1NDAwMDAwMDAwMDAwfX0="
        },
        {
          "index_key": "test",
          "schema_version": 0,
          "attributes": {
            "id": "/subscriptions/3093287b-c490-4591-aeb4-fcea4daf5e22/resourceGroups/rg-test",
            "location": "eastus",
            "managed_by": "",
            "name": "rg-test",
            "tags": {},
            "timeouts": null
          },
          "sensitive_attributes": [],
          "identity_schema_version": 0,
          "identity": {
            "name": "rg-test",
            "subscription_id": "3093287b-c490-4591-aeb4-fcea4daf5e22"
          },
          "private": "eyJlMmJmYjczMC1lY2FhLTExZTYtOGY4OC0zNDM2M2JjN2M0YzAiOnsiY3JlYXRlIjo1NDAwMDAwMDAwMDAwLCJkZWxldGUiOjU0MDAwMDAwMDAwMDAsInJlYWQiOjMwMDAwMDAwMDAwMCwidXBkYXRlIjo1NDAwMDAwMDAwMDAwfX0="
        }
      ]
    },
    {
      "mode": "managed",
      "type": "azurerm_subnet",
      "name": "subnet",
      "provider": "provider[\"registry.terraform.io/hashicorp/azurerm\"]",
      "instances": [
        {
          "index_key": "Prod",
          "schema_version": 0,
          "attributes": {
            "address_prefixes": [
              "10.2.1.0/24"
            ],
            "default_outbound_access_enabled": true,
            "delegation": [],
            "id": "/subscriptions/3093287b-c490-4591-aeb4-fcea4daf5e22/resourceGroups/rg-Prod/providers/Microsoft.Network/virtualNetworks/vnet-Prod/subnets/subnet-Prod",
            "ip_address_pool": [],
            "name": "subnet-Prod",
            "private_endpoint_network_policies": "Disabled",
            "private_link_service_network_policies_enabled": true,
            "resource_group_name": "rg-Prod",
            "service_endpoint_policy_ids": null,
            "service_endpoints": null,
            "sharing_scope": "",
            "timeouts": null,
            "virtual_network_name": "vnet-Prod"
          },
          "sensitive_attributes": [],
          "identity_schema_version": 0,
          "identity": {
            "name": "subnet-Prod",
            "resource_group_name": "rg-Prod",
            "subscription_id": "3093287b-c490-4591-aeb4-fcea4daf5e22",
            "virtual_network_name": "vnet-Prod"
          },
          "private": "eyJlMmJmYjczMC1lY2FhLTExZTYtOGY4OC0zNDM2M2JjN2M0YzAiOnsiY3JlYXRlIjoxODAwMDAwMDAwMDAwLCJkZWxldGUiOjE4MDAwMDAwMDAwMDAsInJlYWQiOjMwMDAwMDAwMDAwMCwidXBkYXRlIjoxODAwMDAwMDAwMDAwfX0=",
          "dependencies": [
            "azurerm_resource_group.rg",
            "azurerm_virtual_network.vnet"
          ]
        },
        {
          "index_key": "dev",
          "schema_version": 0,
          "attributes": {
            "address_prefixes": [
              "10.0.1.0/24"
            ],
            "default_outbound_access_enabled": true,
            "delegation": [],
            "id": "/subscriptions/3093287b-c490-4591-aeb4-fcea4daf5e22/resourceGroups/rg-dev/providers/Microsoft.Network/virtualNetworks/vnet-dev/subnets/subnet-dev",
            "ip_address_pool": [],
            "name": "subnet-dev",
            "private_endpoint_network_policies": "Disabled",
            "private_link_service_network_policies_enabled": true,
            "resource_group_name": "rg-dev",
            "service_endpoint_policy_ids": [],
            "service_endpoints": [],
            "sharing_scope": "",
            "timeouts": null,
            "virtual_network_name": "vnet-dev"
          },
          "sensitive_attributes": [],
          "identity_schema_version": 0,
          "identity": {
            "name": "subnet-dev",
            "resource_group_name": "rg-dev",
            "subscription_id": "3093287b-c490-4591-aeb4-fcea4daf5e22",
            "virtual_network_name": "vnet-dev"
          },
          "private": "eyJlMmJmYjczMC1lY2FhLTExZTYtOGY4OC0zNDM2M2JjN2M0YzAiOnsiY3JlYXRlIjoxODAwMDAwMDAwMDAwLCJkZWxldGUiOjE4MDAwMDAwMDAwMDAsInJlYWQiOjMwMDAwMDAwMDAwMCwidXBkYXRlIjoxODAwMDAwMDAwMDAwfX0=",
          "dependencies": [
            "azurerm_resource_group.rg",
            "azurerm_virtual_network.vnet"
          ]
        },
        {
          "index_key": "test",
          "schema_version": 0,
          "attributes": {
            "address_prefixes": [
              "10.1.1.0/24"
            ],
            "default_outbound_access_enabled": true,
            "delegation": [],
            "id": "/subscriptions/3093287b-c490-4591-aeb4-fcea4daf5e22/resourceGroups/rg-test/providers/Microsoft.Network/virtualNetworks/vnet-test/subnets/subnet-test",
            "ip_address_pool": [],
            "name": "subnet-test",
            "private_endpoint_network_policies": "Disabled",
            "private_link_service_network_policies_enabled": true,
            "resource_group_name": "rg-test",
            "service_endpoint_policy_ids": [],
            "service_endpoints": [],
            "sharing_scope": "",
            "timeouts": null,
            "virtual_network_name": "vnet-test"
          },
          "sensitive_attributes": [],
          "identity_schema_version": 0,
          "identity": {
            "name": "subnet-test",
            "resource_group_name": "rg-test",
            "subscription_id": "3093287b-c490-4591-aeb4-fcea4daf5e22",
            "virtual_network_name": "vnet-test"
          },
          "private": "eyJlMmJmYjczMC1lY2FhLTExZTYtOGY4OC0zNDM2M2JjN2M0YzAiOnsiY3JlYXRlIjoxODAwMDAwMDAwMDAwLCJkZWxldGUiOjE4MDAwMDAwMDAwMDAsInJlYWQiOjMwMDAwMDAwMDAwMCwidXBkYXRlIjoxODAwMDAwMDAwMDAwfX0=",
          "dependencies": [
            "azurerm_resource_group.rg",
            "azurerm_virtual_network.vnet"
          ]
        }
      ]
    },
    {
      "mode": "managed",
      "type": "azurerm_virtual_network",
      "name": "vnet",
      "provider": "provider[\"registry.terraform.io/hashicorp/azurerm\"]",
      "instances": [
        {
          "index_key": "Prod",
          "schema_version": 0,
          "attributes": {
            "address_space": [
              "10.2.0.0/16"
            ],
            "bgp_community": "",
            "ddos_protection_plan": [],
            "dns_servers": [],
            "edge_zone": "",
            "encryption": [],
            "flow_timeout_in_minutes": 0,
            "guid": "c51a5842-6ba5-4cd8-9597-e5b1c409a394",
            "id": "/subscriptions/3093287b-c490-4591-aeb4-fcea4daf5e22/resourceGroups/rg-Prod/providers/Microsoft.Network/virtualNetworks/vnet-Prod",
            "ip_address_pool": [],
            "location": "eastus",
            "name": "vnet-Prod",
            "private_endpoint_vnet_policies": "Disabled",
            "resource_group_name": "rg-Prod",
            "subnet": [],
            "tags": null,
            "timeouts": null
          },
          "sensitive_attributes": [],
          "identity_schema_version": 0,
          "identity": {
            "name": "vnet-Prod",
            "resource_group_name": "rg-Prod",
            "subscription_id": "3093287b-c490-4591-aeb4-fcea4daf5e22"
          },
          "private": "eyJlMmJmYjczMC1lY2FhLTExZTYtOGY4OC0zNDM2M2JjN2M0YzAiOnsiY3JlYXRlIjoxODAwMDAwMDAwMDAwLCJkZWxldGUiOjE4MDAwMDAwMDAwMDAsInJlYWQiOjMwMDAwMDAwMDAwMCwidXBkYXRlIjoxODAwMDAwMDAwMDAwfX0=",
          "dependencies": [
            "azurerm_resource_group.rg"
          ]
        },
        {
          "index_key": "dev",
          "schema_version": 0,
          "attributes": {
            "address_space": [
              "10.0.0.0/16"
            ],
            "bgp_community": "",
            "ddos_protection_plan": [],
            "dns_servers": [],
            "edge_zone": "",
            "encryption": [],
            "flow_timeout_in_minutes": 0,
            "guid": "1898fc00-72b9-4925-ad21-41038c0beb49",
            "id": "/subscriptions/3093287b-c490-4591-aeb4-fcea4daf5e22/resourceGroups/rg-dev/providers/Microsoft.Network/virtualNetworks/vnet-dev",
            "ip_address_pool": [],
            "location": "eastus",
            "name": "vnet-dev",
            "private_endpoint_vnet_policies": "Disabled",
            "resource_group_name": "rg-dev",
            "subnet": [
              {
                "address_prefixes": [
                  "10.0.1.0/24"
                ],
                "default_outbound_access_enabled": true,
                "delegation": [],
                "id": "/subscriptions/3093287b-c490-4591-aeb4-fcea4daf5e22/resourceGroups/rg-dev/providers/Microsoft.Network/virtualNetworks/vnet-dev/subnets/subnet-dev",
                "name": "subnet-dev",
                "private_endpoint_network_policies": "Disabled",
                "private_link_service_network_policies_enabled": true,
                "route_table_id": "",
                "security_group": "",
                "service_endpoint_policy_ids": [],
                "service_endpoints": []
              }
            ],
            "tags": {},
            "timeouts": null
          },
          "sensitive_attributes": [],
          "identity_schema_version": 0,
          "identity": {
            "name": "vnet-dev",
            "resource_group_name": "rg-dev",
            "subscription_id": "3093287b-c490-4591-aeb4-fcea4daf5e22"
          },
          "private": "eyJlMmJmYjczMC1lY2FhLTExZTYtOGY4OC0zNDM2M2JjN2M0YzAiOnsiY3JlYXRlIjoxODAwMDAwMDAwMDAwLCJkZWxldGUiOjE4MDAwMDAwMDAwMDAsInJlYWQiOjMwMDAwMDAwMDAwMCwidXBkYXRlIjoxODAwMDAwMDAwMDAwfX0=",
          "dependencies": [
            "azurerm_resource_group.rg"
          ]
        },
        {
          "index_key": "test",
          "schema_version": 0,
          "attributes": {
            "address_space": [
              "10.1.0.0/16"
            ],
            "bgp_community": "",
            "ddos_protection_plan": [],
            "dns_servers": [],
            "edge_zone": "",
            "encryption": [],
            "flow_timeout_in_minutes": 0,
            "guid": "99d1764c-81e1-468f-8e42-b76c688cecf2",
            "id": "/subscriptions/3093287b-c490-4591-aeb4-fcea4daf5e22/resourceGroups/rg-test/providers/Microsoft.Network/virtualNetworks/vnet-test",
            "ip_address_pool": [],
            "location": "eastus",
            "name": "vnet-test",
            "private_endpoint_vnet_policies": "Disabled",
            "resource_group_name": "rg-test",
            "subnet": [
              {
                "address_prefixes": [
                  "10.1.1.0/24"
                ],
                "default_outbound_access_enabled": true,
                "delegation": [],
                "id": "/subscriptions/3093287b-c490-4591-aeb4-fcea4daf5e22/resourceGroups/rg-test/providers/Microsoft.Network/virtualNetworks/vnet-test/subnets/subnet-test",
                "name": "subnet-test",
                "private_endpoint_network_policies": "Disabled",
                "private_link_service_network_policies_enabled": true,
                "route_table_id": "",
                "security_group": "",
                "service_endpoint_policy_ids": [],
                "service_endpoints": []
              }
            ],
            "tags": {},
            "timeouts": null
          },
          "sensitive_attributes": [],
          "identity_schema_version": 0,
          "identity": {
            "name": "vnet-test",
            "resource_group_name": "rg-test",
            "subscription_id": "3093287b-c490-4591-aeb4-fcea4daf5e22"
          },
          "private": "eyJlMmJmYjczMC1lY2FhLTExZTYtOGY4OC0zNDM2M2JjN2M0YzAiOnsiY3JlYXRlIjoxODAwMDAwMDAwMDAwLCJkZWxldGUiOjE4MDAwMDAwMDAwMDAsInJlYWQiOjMwMDAwMDAwMDAwMCwidXBkYXRlIjoxODAwMDAwMDAwMDAwfX0=",
          "dependencies": [
            "azurerm_resource_group.rg"
          ]
        }
      ]
    },
    {
      "mode": "managed",
      "type": "azurerm_windows_virtual_machine",
      "name": "vm",
      "provider": "provider[\"registry.terraform.io/hashicorp/azurerm\"]",
      "instances": [
        {
          "index_key": "Prod",
          "schema_version": 0,
          "attributes": {
            "additional_capabilities": [],
            "additional_unattend_content": [],
            "admin_password": "P@ssw0rd1234!",
            "admin_username": "azureadmin",
            "allow_extension_operations": true,
            "automatic_updates_enabled": true,
            "availability_set_id": "",
            "boot_diagnostics": [],
            "bypass_platform_safety_checks_on_user_schedule_enabled": false,
            "capacity_reservation_group_id": "",
            "computer_name": "vm-Prod",
            "custom_data": null,
            "dedicated_host_group_id": "",
            "dedicated_host_id": "",
            "disk_controller_type": "",
            "edge_zone": "",
            "enable_automatic_updates": true,
            "encryption_at_host_enabled": false,
            "eviction_policy": "",
            "extensions_time_budget": "PT1H30M",
            "gallery_application": [],
            "hotpatching_enabled": false,
            "id": "/subscriptions/3093287b-c490-4591-aeb4-fcea4daf5e22/resourceGroups/rg-Prod/providers/Microsoft.Compute/virtualMachines/vm-Prod",
            "identity": [],
            "license_type": "",
            "location": "eastus",
            "max_bid_price": -1,
            "name": "vm-Prod",
            "network_interface_ids": [
              "/subscriptions/3093287b-c490-4591-aeb4-fcea4daf5e22/resourceGroups/rg-Prod/providers/Microsoft.Network/networkInterfaces/nic-Prod"
            ],
            "os_disk": [
              {
                "caching": "ReadWrite",
                "diff_disk_settings": [],
                "disk_encryption_set_id": "",
                "disk_size_gb": 127,
                "id": "/subscriptions/3093287b-c490-4591-aeb4-fcea4daf5e22/resourceGroups/rg-Prod/providers/Microsoft.Compute/disks/vm-Prod_disk1_22bbc1899e3549d7b8f3b841f4b14315",
                "name": "vm-Prod_disk1_22bbc1899e3549d7b8f3b841f4b14315",
                "secure_vm_disk_encryption_set_id": "",
                "security_encryption_type": "",
                "storage_account_type": "Standard_LRS",
                "write_accelerator_enabled": false
              }
            ],
            "os_image_notification": [],
            "os_managed_disk_id": "/subscriptions/3093287b-c490-4591-aeb4-fcea4daf5e22/resourceGroups/rg-Prod/providers/Microsoft.Compute/disks/vm-Prod_disk1_22bbc1899e3549d7b8f3b841f4b14315",
            "patch_assessment_mode": "ImageDefault",
            "patch_mode": "AutomaticByOS",
            "plan": [],
            "platform_fault_domain": -1,
            "priority": "Regular",
            "private_ip_address": "10.2.1.4",
            "private_ip_addresses": [
              "10.2.1.4"
            ],
            "provision_vm_agent": true,
            "proximity_placement_group_id": "",
            "public_ip_address": "20.124.197.55",
            "public_ip_addresses": [
              "20.124.197.55"
            ],
            "reboot_setting": "",
            "resource_group_name": "rg-Prod",
            "secret": [],
            "secure_boot_enabled": false,
            "size": "Standard_D2s_v3",
            "source_image_id": "",
            "source_image_reference": [
              {
                "offer": "WindowsServer",
                "publisher": "MicrosoftWindowsServer",
                "sku": "2022-datacenter",
                "version": "latest"
              }
            ],
            "tags": {
              "environment": "Prod"
            },
            "termination_notification": null,
            "timeouts": null,
            "timezone": "",
            "user_data": "",
            "virtual_machine_id": "8689e840-3451-4749-86fb-b53138d869c0",
            "virtual_machine_scale_set_id": "",
            "vm_agent_platform_updates_enabled": true,
            "vtpm_enabled": false,
            "winrm_listener": [],
            "zone": ""
          },
          "sensitive_attributes": [
            [
              {
                "type": "get_attr",
                "value": "admin_password"
              }
            ],
            [
              {
                "type": "get_attr",
                "value": "custom_data"
              }
            ]
          ],
          "identity_schema_version": 0,
          "private": "eyJlMmJmYjczMC1lY2FhLTExZTYtOGY4OC0zNDM2M2JjN2M0YzAiOnsiY3JlYXRlIjoyNzAwMDAwMDAwMDAwLCJkZWxldGUiOjI3MDAwMDAwMDAwMDAsInJlYWQiOjMwMDAwMDAwMDAwMCwidXBkYXRlIjoyNzAwMDAwMDAwMDAwfX0=",
          "dependencies": [
            "azurerm_network_interface.nic",
            "azurerm_public_ip.pip",
            "azurerm_resource_group.rg",
            "azurerm_subnet.subnet",
            "azurerm_virtual_network.vnet"
          ]
        },
        {
          "index_key": "dev",
          "schema_version": 0,
          "attributes": {
            "additional_capabilities": [],
            "additional_unattend_content": [],
            "admin_password": "P@ssw0rd1234!",
            "admin_username": "azureadmin",
            "allow_extension_operations": true,
            "automatic_updates_enabled": true,
            "availability_set_id": "",
            "boot_diagnostics": [],
            "bypass_platform_safety_checks_on_user_schedule_enabled": false,
            "capacity_reservation_group_id": "",
            "computer_name": "vm-dev",
            "custom_data": null,
            "dedicated_host_group_id": "",
            "dedicated_host_id": "",
            "disk_controller_type": "",
            "edge_zone": "",
            "enable_automatic_updates": true,
            "encryption_at_host_enabled": false,
            "eviction_policy": "",
            "extensions_time_budget": "PT1H30M",
            "gallery_application": [],
            "hotpatching_enabled": false,
            "id": "/subscriptions/3093287b-c490-4591-aeb4-fcea4daf5e22/resourceGroups/rg-dev/providers/Microsoft.Compute/virtualMachines/vm-dev",
            "identity": [],
            "license_type": "",
            "location": "eastus",
            "max_bid_price": -1,
            "name": "vm-dev",
            "network_interface_ids": [
              "/subscriptions/3093287b-c490-4591-aeb4-fcea4daf5e22/resourceGroups/rg-dev/providers/Microsoft.Network/networkInterfaces/nic-dev"
            ],
            "os_disk": [
              {
                "caching": "ReadWrite",
                "diff_disk_settings": [],
                "disk_encryption_set_id": "",
                "disk_size_gb": 127,
                "id": "/subscriptions/3093287b-c490-4591-aeb4-fcea4daf5e22/resourceGroups/rg-dev/providers/Microsoft.Compute/disks/vm-dev_disk1_27f008e078544a9183a654957fc5ef6d",
                "name": "vm-dev_disk1_27f008e078544a9183a654957fc5ef6d",
                "secure_vm_disk_encryption_set_id": "",
                "security_encryption_type": "",
                "storage_account_type": "Standard_LRS",
                "write_accelerator_enabled": false
              }
            ],
            "os_image_notification": [],
            "os_managed_disk_id": "/subscriptions/3093287b-c490-4591-aeb4-fcea4daf5e22/resourceGroups/rg-dev/providers/Microsoft.Compute/disks/vm-dev_disk1_27f008e078544a9183a654957fc5ef6d",
            "patch_assessment_mode": "ImageDefault",
            "patch_mode": "AutomaticByOS",
            "plan": [],
            "platform_fault_domain": -1,
            "priority": "Regular",
            "private_ip_address": "10.0.1.4",
            "private_ip_addresses": [
              "10.0.1.4"
            ],
            "provision_vm_agent": true,
            "proximity_placement_group_id": "",
            "public_ip_address": "104.211.22.224",
            "public_ip_addresses": [
              "104.211.22.224"
            ],
            "reboot_setting": "",
            "resource_group_name": "rg-dev",
            "secret": [],
            "secure_boot_enabled": false,
            "size": "Standard_D2s_v3",
            "source_image_id": "",
            "source_image_reference": [
              {
                "offer": "WindowsServer",
                "publisher": "MicrosoftWindowsServer",
                "sku": "2022-datacenter",
                "version": "latest"
              }
            ],
            "tags": {
              "environment": "dev"
            },
            "termination_notification": [],
            "timeouts": null,
            "timezone": "",
            "user_data": "",
            "virtual_machine_id": "e075a18e-223a-4ead-b6ba-ad29a8700915",
            "virtual_machine_scale_set_id": "",
            "vm_agent_platform_updates_enabled": true,
            "vtpm_enabled": false,
            "winrm_listener": [],
            "zone": ""
          },
          "sensitive_attributes": [
            [
              {
                "type": "get_attr",
                "value": "admin_password"
              }
            ],
            [
              {
                "type": "get_attr",
                "value": "custom_data"
              }
            ]
          ],
          "identity_schema_version": 0,
          "private": "eyJlMmJmYjczMC1lY2FhLTExZTYtOGY4OC0zNDM2M2JjN2M0YzAiOnsiY3JlYXRlIjoyNzAwMDAwMDAwMDAwLCJkZWxldGUiOjI3MDAwMDAwMDAwMDAsInJlYWQiOjMwMDAwMDAwMDAwMCwidXBkYXRlIjoyNzAwMDAwMDAwMDAwfX0=",
          "dependencies": [
            "azurerm_network_interface.nic",
            "azurerm_public_ip.pip",
            "azurerm_resource_group.rg",
            "azurerm_subnet.subnet",
            "azurerm_virtual_network.vnet"
          ]
        },
        {
          "index_key": "test",
          "schema_version": 0,
          "attributes": {
            "additional_capabilities": [],
            "additional_unattend_content": [],
            "admin_password": "P@ssw0rd1234!",
            "admin_username": "azureadmin",
            "allow_extension_operations": true,
            "automatic_updates_enabled": true,
            "availability_set_id": "",
            "boot_diagnostics": [],
            "bypass_platform_safety_checks_on_user_schedule_enabled": false,
            "capacity_reservation_group_id": "",
            "computer_name": "vm-test",
            "custom_data": null,
            "dedicated_host_group_id": "",
            "dedicated_host_id": "",
            "disk_controller_type": "",
            "edge_zone": "",
            "enable_automatic_updates": true,
            "encryption_at_host_enabled": false,
            "eviction_policy": "",
            "extensions_time_budget": "PT1H30M",
            "gallery_application": [],
            "hotpatching_enabled": false,
            "id": "/subscriptions/3093287b-c490-4591-aeb4-fcea4daf5e22/resourceGroups/rg-test/providers/Microsoft.Compute/virtualMachines/vm-test",
            "identity": [],
            "license_type": "",
            "location": "eastus",
            "max_bid_price": -1,
            "name": "vm-test",
            "network_interface_ids": [
              "/subscriptions/3093287b-c490-4591-aeb4-fcea4daf5e22/resourceGroups/rg-test/providers/Microsoft.Network/networkInterfaces/nic-test"
            ],
            "os_disk": [
              {
                "caching": "ReadWrite",
                "diff_disk_settings": [],
                "disk_encryption_set_id": "",
                "disk_size_gb": 127,
                "id": "/subscriptions/3093287b-c490-4591-aeb4-fcea4daf5e22/resourceGroups/rg-test/providers/Microsoft.Compute/disks/vm-test_disk1_9636fbe6b8914f05974076224ee2a081",
                "name": "vm-test_disk1_9636fbe6b8914f05974076224ee2a081",
                "secure_vm_disk_encryption_set_id": "",
                "security_encryption_type": "",
                "storage_account_type": "Standard_LRS",
                "write_accelerator_enabled": false
              }
            ],
            "os_image_notification": [],
            "os_managed_disk_id": "/subscriptions/3093287b-c490-4591-aeb4-fcea4daf5e22/resourceGroups/rg-test/providers/Microsoft.Compute/disks/vm-test_disk1_9636fbe6b8914f05974076224ee2a081",
            "patch_assessment_mode": "ImageDefault",
            "patch_mode": "AutomaticByOS",
            "plan": [],
            "platform_fault_domain": -1,
            "priority": "Regular",
            "private_ip_address": "10.1.1.4",
            "private_ip_addresses": [
              "10.1.1.4"
            ],
            "provision_vm_agent": true,
            "proximity_placement_group_id": "",
            "public_ip_address": "20.127.48.238",
            "public_ip_addresses": [
              "20.127.48.238"
            ],
            "reboot_setting": "",
            "resource_group_name": "rg-test",
            "secret": [],
            "secure_boot_enabled": false,
            "size": "Standard_D2s_v3",
            "source_image_id": "",
            "source_image_reference": [
              {
                "offer": "WindowsServer",
                "publisher": "MicrosoftWindowsServer",
                "sku": "2022-datacenter",
                "version": "latest"
              }
            ],
            "tags": {
              "environment": "test"
            },
            "termination_notification": [],
            "timeouts": null,
            "timezone": "",
            "user_data": "",
            "virtual_machine_id": "a412b655-0c47-4585-a8c6-6049d458b64a",
            "virtual_machine_scale_set_id": "",
            "vm_agent_platform_updates_enabled": true,
            "vtpm_enabled": false,
            "winrm_listener": [],
            "zone": ""
          },
          "sensitive_attributes": [
            [
              {
                "type": "get_attr",
                "value": "admin_password"
              }
            ],
            [
              {
                "type": "get_attr",
                "value": "custom_data"
              }
            ]
          ],
          "identity_schema_version": 0,
          "private": "eyJlMmJmYjczMC1lY2FhLTExZTYtOGY4OC0zNDM2M2JjN2M0YzAiOnsiY3JlYXRlIjoyNzAwMDAwMDAwMDAwLCJkZWxldGUiOjI3MDAwMDAwMDAwMDAsInJlYWQiOjMwMDAwMDAwMDAwMCwidXBkYXRlIjoyNzAwMDAwMDAwMDAwfX0=",
          "dependencies": [
            "azurerm_network_interface.nic",
            "azurerm_public_ip.pip",
            "azurerm_resource_group.rg",
            "azurerm_subnet.subnet",
            "azurerm_virtual_network.vnet"
          ]
        }
      ]
    }
  ],
  "check_results": null
}
